
Microsoft Visual Studio Solution File, Format Version 12.00
# Visual Studio Version 17
VisualStudioVersion = 17.11.35222.181
MinimumVisualStudioVersion = 10.0.40219.1
Project("{FAE04EC0-301F-11D3-BF4B-00C04F79EFBC}") = "LeetCodeProblems", "LeetCodeProblems.csproj", "{211B422D-4C8D-4EDF-8EB8-1956714A8C23}"
EndProject
Global
	GlobalSection(SolutionConfigurationPlatforms) = preSolution
		Debug|Any CPU = Debug|Any CPU
		Release|Any CPU = Release|Any CPU
	EndGlobalSection
	GlobalSection(ProjectConfigurationPlatforms) = postSolution
		{211B422D-4C8D-4EDF-8EB8-1956714A8C23}.Debug|Any CPU.ActiveCfg = Debug|Any CPU
		{211B422D-4C8D-4EDF-8EB8-1956714A8C23}.Debug|Any CPU.Build.0 = Debug|Any CPU
		{211B422D-4C8D-4EDF-8EB8-1956714A8C23}.Release|Any CPU.ActiveCfg = Release|Any CPU
		{211B422D-4C8D-4EDF-8EB8-1956714A8C23}.Release|Any CPU.Build.0 = Release|Any CPU
	EndGlobalSection
	GlobalSection(SolutionProperties) = preSolution
		HideSolutionNode = FALSE
	EndGlobalSection
	GlobalSection(ExtensibilityGlobals) = postSolution
		SolutionGuid = {8EAC2C59-F310-4898-A13B-1F4E084125F0}
	EndGlobalSection
EndGlobal
